
Microsoft Visual Studio Solution File, Format Version 12.00
# Visual Studio 15
VisualStudioVersion = 15.0.27004.2009
MinimumVisualStudioVersion = 10.0.40219.1
Project("{FAE04EC0-301F-11D3-BF4B-00C04F79EFBC}") = "BaseSetUp", "BaseSetUp.csproj", "{5556E9A0-FDBF-4B48-9730-04A1BA2BC6C6}"
EndProject
Global
	GlobalSection(SolutionConfigurationPlatforms) = preSolution
		Debug|Any CPU = Debug|Any CPU
		Release|Any CPU = Release|Any CPU
	EndGlobalSection
	GlobalSection(ProjectConfigurationPlatforms) = postSolution
		{5556E9A0-FDBF-4B48-9730-04A1BA2BC6C6}.Debug|Any CPU.ActiveCfg = Debug|Any CPU
		{5556E9A0-FDBF-4B48-9730-04A1BA2BC6C6}.Debug|Any CPU.Build.0 = Debug|Any CPU
		{5556E9A0-FDBF-4B48-9730-04A1BA2BC6C6}.Release|Any CPU.ActiveCfg = Release|Any CPU
		{5556E9A0-FDBF-4B48-9730-04A1BA2BC6C6}.Release|Any CPU.Build.0 = Release|Any CPU
	EndGlobalSection
	GlobalSection(SolutionProperties) = preSolution
		HideSolutionNode = FALSE
	EndGlobalSection
	GlobalSection(ExtensibilityGlobals) = postSolution
		SolutionGuid = {16F2F5CC-6C54-4FF8-994A-34DCAC9B7DFF}
	EndGlobalSection
EndGlobal
